
Microsoft Visual Studio Solution File, Format Version 12.00
# Visual Studio Version 17
VisualStudioVersion = 17.9.34728.123
MinimumVisualStudioVersion = 10.0.40219.1
Project("{FAE04EC0-301F-11D3-BF4B-00C04F79EFBC}") = "Lesson9hw", "Lesson9hw\Lesson9hw.csproj", "{A7D51B42-EBFD-4184-9A85-46967322F7FA}"
EndProject
Global
	GlobalSection(SolutionConfigurationPlatforms) = preSolution
		Debug|Any CPU = Debug|Any CPU
		Release|Any CPU = Release|Any CPU
	EndGlobalSection
	GlobalSection(ProjectConfigurationPlatforms) = postSolution
		{A7D51B42-EBFD-4184-9A85-46967322F7FA}.Debug|Any CPU.ActiveCfg = Debug|Any CPU
		{A7D51B42-EBFD-4184-9A85-46967322F7FA}.Debug|Any CPU.Build.0 = Debug|Any CPU
		{A7D51B42-EBFD-4184-9A85-46967322F7FA}.Release|Any CPU.ActiveCfg = Release|Any CPU
		{A7D51B42-EBFD-4184-9A85-46967322F7FA}.Release|Any CPU.Build.0 = Release|Any CPU
	EndGlobalSection
	GlobalSection(SolutionProperties) = preSolution
		HideSolutionNode = FALSE
	EndGlobalSection
	GlobalSection(ExtensibilityGlobals) = postSolution
		SolutionGuid = {178BBC40-4056-4B41-B1F8-12C0825E2C33}
	EndGlobalSection
EndGlobal
