
Microsoft Visual Studio Solution File, Format Version 12.00
# Visual Studio Version 17
VisualStudioVersion = 17.9.34728.123
MinimumVisualStudioVersion = 10.0.40219.1
Project("{FAE04EC0-301F-11D3-BF4B-00C04F79EFBC}") = "Lesson13 Exeption,Upcasting, downcasting", "Lesson13 Exeption,Upcasting, downcasting\Lesson13 Exeption,Upcasting, downcasting.csproj", "{3D9C7709-7694-4AB1-8209-DDB7B3AB5339}"
EndProject
Global
	GlobalSection(SolutionConfigurationPlatforms) = preSolution
		Debug|Any CPU = Debug|Any CPU
		Release|Any CPU = Release|Any CPU
	EndGlobalSection
	GlobalSection(ProjectConfigurationPlatforms) = postSolution
		{3D9C7709-7694-4AB1-8209-DDB7B3AB5339}.Debug|Any CPU.ActiveCfg = Debug|Any CPU
		{3D9C7709-7694-4AB1-8209-DDB7B3AB5339}.Debug|Any CPU.Build.0 = Debug|Any CPU
		{3D9C7709-7694-4AB1-8209-DDB7B3AB5339}.Release|Any CPU.ActiveCfg = Release|Any CPU
		{3D9C7709-7694-4AB1-8209-DDB7B3AB5339}.Release|Any CPU.Build.0 = Release|Any CPU
	EndGlobalSection
	GlobalSection(SolutionProperties) = preSolution
		HideSolutionNode = FALSE
	EndGlobalSection
	GlobalSection(ExtensibilityGlobals) = postSolution
		SolutionGuid = {0B8AF2CB-91CB-4742-B84C-11761F0D19E5}
	EndGlobalSection
EndGlobal
