
Microsoft Visual Studio Solution File, Format Version 12.00
# Visual Studio Version 17
VisualStudioVersion = 17.9.34728.123
MinimumVisualStudioVersion = 10.0.40219.1
Project("{FAE04EC0-301F-11D3-BF4B-00C04F79EFBC}") = "Lesson14(Generics)", "Lesson14(Generics)\Lesson14(Generics).csproj", "{D814BFEA-FE5B-453C-BBF2-874AADB06FAB}"
EndProject
Global
	GlobalSection(SolutionConfigurationPlatforms) = preSolution
		Debug|Any CPU = Debug|Any CPU
		Release|Any CPU = Release|Any CPU
	EndGlobalSection
	GlobalSection(ProjectConfigurationPlatforms) = postSolution
		{D814BFEA-FE5B-453C-BBF2-874AADB06FAB}.Debug|Any CPU.ActiveCfg = Debug|Any CPU
		{D814BFEA-FE5B-453C-BBF2-874AADB06FAB}.Debug|Any CPU.Build.0 = Debug|Any CPU
		{D814BFEA-FE5B-453C-BBF2-874AADB06FAB}.Release|Any CPU.ActiveCfg = Release|Any CPU
		{D814BFEA-FE5B-453C-BBF2-874AADB06FAB}.Release|Any CPU.Build.0 = Release|Any CPU
	EndGlobalSection
	GlobalSection(SolutionProperties) = preSolution
		HideSolutionNode = FALSE
	EndGlobalSection
	GlobalSection(ExtensibilityGlobals) = postSolution
		SolutionGuid = {5E7CD339-E222-4038-BF03-486AAFA6F0B1}
	EndGlobalSection
EndGlobal
