
Microsoft Visual Studio Solution File, Format Version 12.00
# Visual Studio Version 17
VisualStudioVersion = 17.9.34728.123
MinimumVisualStudioVersion = 10.0.40219.1
Project("{FAE04EC0-301F-11D3-BF4B-00C04F79EFBC}") = "Lesson6hw", "Lesson6hw\Lesson6hw.csproj", "{91B67BFD-8E16-4520-AB9D-1528C1D18523}"
EndProject
Global
	GlobalSection(SolutionConfigurationPlatforms) = preSolution
		Debug|Any CPU = Debug|Any CPU
		Release|Any CPU = Release|Any CPU
	EndGlobalSection
	GlobalSection(ProjectConfigurationPlatforms) = postSolution
		{91B67BFD-8E16-4520-AB9D-1528C1D18523}.Debug|Any CPU.ActiveCfg = Debug|Any CPU
		{91B67BFD-8E16-4520-AB9D-1528C1D18523}.Debug|Any CPU.Build.0 = Debug|Any CPU
		{91B67BFD-8E16-4520-AB9D-1528C1D18523}.Release|Any CPU.ActiveCfg = Release|Any CPU
		{91B67BFD-8E16-4520-AB9D-1528C1D18523}.Release|Any CPU.Build.0 = Release|Any CPU
	EndGlobalSection
	GlobalSection(SolutionProperties) = preSolution
		HideSolutionNode = FALSE
	EndGlobalSection
	GlobalSection(ExtensibilityGlobals) = postSolution
		SolutionGuid = {9FBB32C8-6E75-4297-889B-D941B2F74B4C}
	EndGlobalSection
EndGlobal
